
Microsoft Visual Studio Solution File, Format Version 12.00
# Visual Studio Version 17
VisualStudioVersion = 17.8.34309.116
MinimumVisualStudioVersion = 10.0.40219.1
Project("{FAE04EC0-301F-11D3-BF4B-00C04F79EFBC}") = "SimpleCustomCalculator", "SimpleCustomCalculator.csproj", "{C8474303-B837-4146-BD1A-4BE17E9E3E45}"
EndProject
Global
	GlobalSection(SolutionConfigurationPlatforms) = preSolution
		Debug|Any CPU = Debug|Any CPU
		Release|Any CPU = Release|Any CPU
	EndGlobalSection
	GlobalSection(ProjectConfigurationPlatforms) = postSolution
		{C8474303-B837-4146-BD1A-4BE17E9E3E45}.Debug|Any CPU.ActiveCfg = Debug|Any CPU
		{C8474303-B837-4146-BD1A-4BE17E9E3E45}.Debug|Any CPU.Build.0 = Debug|Any CPU
		{C8474303-B837-4146-BD1A-4BE17E9E3E45}.Release|Any CPU.ActiveCfg = Release|Any CPU
		{C8474303-B837-4146-BD1A-4BE17E9E3E45}.Release|Any CPU.Build.0 = Release|Any CPU
	EndGlobalSection
	GlobalSection(SolutionProperties) = preSolution
		HideSolutionNode = FALSE
	EndGlobalSection
	GlobalSection(ExtensibilityGlobals) = postSolution
		SolutionGuid = {E7720778-E8AE-43EB-9F16-EA8B2208A51B}
	EndGlobalSection
EndGlobal
